
Microsoft Visual Studio Solution File, Format Version 12.00
# Visual Studio 14
VisualStudioVersion = 14.0.24720.0
MinimumVisualStudioVersion = 10.0.40219.1
Project("{FAE04EC0-301F-11D3-BF4B-00C04F79EFBC}") = "Audit", "Audit\Audit.csproj", "{5D2D9E8B-C5D1-4FCC-A9DB-967D80EFE303}"
EndProject
Project("{FAE04EC0-301F-11D3-BF4B-00C04F79EFBC}") = "Common", "Common\Common.csproj", "{4396DB26-9DB6-4CA6-B558-3865D4A25763}"
EndProject
Project("{FAE04EC0-301F-11D3-BF4B-00C04F79EFBC}") = "CommonTest", "CommonTest\CommonTest.csproj", "{DDFD3AED-4005-4FA0-97F6-B5F8796A1263}"
EndProject
Project("{FAE04EC0-301F-11D3-BF4B-00C04F79EFBC}") = "DataSourceEntity", "DataSourceEntity\DataSourceEntity.csproj", "{AF4D7704-8B44-4612-86C4-D467CCAEEED4}"
EndProject
Project("{FAE04EC0-301F-11D3-BF4B-00C04F79EFBC}") = "DataSourceEntityTest", "DataSourceEntityTest\DataSourceEntityTest.csproj", "{E4995A0F-8134-4327-BBCF-CDC4844244A5}"
EndProject
Project("{FAE04EC0-301F-11D3-BF4B-00C04F79EFBC}") = "DataSources", "DataSources\DataSources.csproj", "{BF20B96C-4D52-44E1-B8D6-E6BC5E138AC6}"
EndProject
Project("{FAE04EC0-301F-11D3-BF4B-00C04F79EFBC}") = "DataSourcesTest", "DataSourcesTest\DataSourcesTest.csproj", "{B4406438-330B-47A5-A8DE-6C49A27E9633}"
EndProject
Project("{FAE04EC0-301F-11D3-BF4B-00C04F79EFBC}") = "Email", "Email\Email.csproj", "{F460CB16-3CB1-4782-9393-BC078E24FFE1}"
EndProject
Project("{FAE04EC0-301F-11D3-BF4B-00C04F79EFBC}") = "EmailTests", "EmailTests\EmailTests.csproj", "{F25D7FF0-3D30-4577-B632-0DBE1EB1A18A}"
EndProject
Project("{FAE04EC0-301F-11D3-BF4B-00C04F79EFBC}") = "Jobs", "Jobs\Jobs.csproj", "{DF5BEAC6-B3F5-49A2-94CB-3B60FE4EE401}"
EndProject
Project("{FAE04EC0-301F-11D3-BF4B-00C04F79EFBC}") = "JobsTest", "JobsTest\JobsTest.csproj", "{1DAF2881-1414-411B-8F71-D5F022A6C261}"
EndProject
Project("{FAE04EC0-301F-11D3-BF4B-00C04F79EFBC}") = "Node", "Node\Node.csproj", "{04240033-6FCC-49E1-8F38-4DBA1C1CB67D}"
EndProject
Project("{FAE04EC0-301F-11D3-BF4B-00C04F79EFBC}") = "NodeService", "NodeService\NodeService.csproj", "{75122A49-D97E-481C-96D1-456A37A5FDA9}"
EndProject
Project("{FAE04EC0-301F-11D3-BF4B-00C04F79EFBC}") = "NodeTest", "NodeTest\NodeTest.csproj", "{9E62DFDE-2B91-4BB7-A404-D32824F23D10}"
EndProject
Project("{FAE04EC0-301F-11D3-BF4B-00C04F79EFBC}") = "TestFramework", "TestFramework\TestFramework.csproj", "{485AD226-3719-4F12-B3DF-C605D3B2270F}"
EndProject
Project("{FAE04EC0-301F-11D3-BF4B-00C04F79EFBC}") = "VistaControls", "VistaControls\VistaControls.csproj", "{058F123E-D366-4023-94EF-E4AF8EC5D101}"
EndProject
Global
	GlobalSection(SolutionConfigurationPlatforms) = preSolution
		cgTag - Debug|Any CPU = cgTag - Debug|Any CPU
		cgTag - Debug|x86 = cgTag - Debug|x86
		cgTag - Release|Any CPU = cgTag - Release|Any CPU
		cgTag - Release|x86 = cgTag - Release|x86
		Debug|Any CPU = Debug|Any CPU
		Debug|x86 = Debug|x86
		Release|Any CPU = Release|Any CPU
		Release|x86 = Release|x86
	EndGlobalSection
	GlobalSection(ProjectConfigurationPlatforms) = postSolution
		{5D2D9E8B-C5D1-4FCC-A9DB-967D80EFE303}.cgTag - Debug|Any CPU.ActiveCfg = cgTag - Debug|Any CPU
		{5D2D9E8B-C5D1-4FCC-A9DB-967D80EFE303}.cgTag - Debug|Any CPU.Build.0 = cgTag - Debug|Any CPU
		{5D2D9E8B-C5D1-4FCC-A9DB-967D80EFE303}.cgTag - Debug|x86.ActiveCfg = cgTag - Debug|Any CPU
		{5D2D9E8B-C5D1-4FCC-A9DB-967D80EFE303}.cgTag - Debug|x86.Build.0 = cgTag - Debug|Any CPU
		{5D2D9E8B-C5D1-4FCC-A9DB-967D80EFE303}.cgTag - Release|Any CPU.ActiveCfg = cgTag - Release|Any CPU
		{5D2D9E8B-C5D1-4FCC-A9DB-967D80EFE303}.cgTag - Release|Any CPU.Build.0 = cgTag - Release|Any CPU
		{5D2D9E8B-C5D1-4FCC-A9DB-967D80EFE303}.cgTag - Release|x86.ActiveCfg = cgTag - Release|Any CPU
		{5D2D9E8B-C5D1-4FCC-A9DB-967D80EFE303}.cgTag - Release|x86.Build.0 = cgTag - Release|Any CPU
		{5D2D9E8B-C5D1-4FCC-A9DB-967D80EFE303}.Debug|Any CPU.ActiveCfg = Debug|Any CPU
		{5D2D9E8B-C5D1-4FCC-A9DB-967D80EFE303}.Debug|Any CPU.Build.0 = Debug|Any CPU
		{5D2D9E8B-C5D1-4FCC-A9DB-967D80EFE303}.Debug|x86.ActiveCfg = Debug|Any CPU
		{5D2D9E8B-C5D1-4FCC-A9DB-967D80EFE303}.Debug|x86.Build.0 = Debug|Any CPU
		{5D2D9E8B-C5D1-4FCC-A9DB-967D80EFE303}.Release|Any CPU.ActiveCfg = Release|Any CPU
		{5D2D9E8B-C5D1-4FCC-A9DB-967D80EFE303}.Release|Any CPU.Build.0 = Release|Any CPU
		{5D2D9E8B-C5D1-4FCC-A9DB-967D80EFE303}.Release|x86.ActiveCfg = Release|Any CPU
		{5D2D9E8B-C5D1-4FCC-A9DB-967D80EFE303}.Release|x86.Build.0 = Release|Any CPU
		{4396DB26-9DB6-4CA6-B558-3865D4A25763}.cgTag - Debug|Any CPU.ActiveCfg = cgTag - Debug|Any CPU
		{4396DB26-9DB6-4CA6-B558-3865D4A25763}.cgTag - Debug|Any CPU.Build.0 = cgTag - Debug|Any CPU
		{4396DB26-9DB6-4CA6-B558-3865D4A25763}.cgTag - Debug|x86.ActiveCfg = cgTag - Debug|x86
		{4396DB26-9DB6-4CA6-B558-3865D4A25763}.cgTag - Debug|x86.Build.0 = cgTag - Debug|x86
		{4396DB26-9DB6-4CA6-B558-3865D4A25763}.cgTag - Release|Any CPU.ActiveCfg = cgTag - Release|Any CPU
		{4396DB26-9DB6-4CA6-B558-3865D4A25763}.cgTag - Release|Any CPU.Build.0 = cgTag - Release|Any CPU
		{4396DB26-9DB6-4CA6-B558-3865D4A25763}.cgTag - Release|x86.ActiveCfg = cgTag - Release|x86
		{4396DB26-9DB6-4CA6-B558-3865D4A25763}.cgTag - Release|x86.Build.0 = cgTag - Release|x86
		{4396DB26-9DB6-4CA6-B558-3865D4A25763}.Debug|Any CPU.ActiveCfg = Debug|Any CPU
		{4396DB26-9DB6-4CA6-B558-3865D4A25763}.Debug|Any CPU.Build.0 = Debug|Any CPU
		{4396DB26-9DB6-4CA6-B558-3865D4A25763}.Debug|x86.ActiveCfg = Debug|x86
		{4396DB26-9DB6-4CA6-B558-3865D4A25763}.Debug|x86.Build.0 = Debug|x86
		{4396DB26-9DB6-4CA6-B558-3865D4A25763}.Release|Any CPU.ActiveCfg = Release|Any CPU
		{4396DB26-9DB6-4CA6-B558-3865D4A25763}.Release|Any CPU.Build.0 = Release|Any CPU
		{4396DB26-9DB6-4CA6-B558-3865D4A25763}.Release|x86.ActiveCfg = Release|x86
		{4396DB26-9DB6-4CA6-B558-3865D4A25763}.Release|x86.Build.0 = Release|x86
		{DDFD3AED-4005-4FA0-97F6-B5F8796A1263}.cgTag - Debug|Any CPU.ActiveCfg = cgTag - Debug|Any CPU
		{DDFD3AED-4005-4FA0-97F6-B5F8796A1263}.cgTag - Debug|Any CPU.Build.0 = cgTag - Debug|Any CPU
		{DDFD3AED-4005-4FA0-97F6-B5F8796A1263}.cgTag - Debug|x86.ActiveCfg = cgTag - Debug|Any CPU
		{DDFD3AED-4005-4FA0-97F6-B5F8796A1263}.cgTag - Debug|x86.Build.0 = cgTag - Debug|Any CPU
		{DDFD3AED-4005-4FA0-97F6-B5F8796A1263}.cgTag - Release|Any CPU.ActiveCfg = cgTag - Release|Any CPU
		{DDFD3AED-4005-4FA0-97F6-B5F8796A1263}.cgTag - Release|Any CPU.Build.0 = cgTag - Release|Any CPU
		{DDFD3AED-4005-4FA0-97F6-B5F8796A1263}.cgTag - Release|x86.ActiveCfg = cgTag - Release|Any CPU
		{DDFD3AED-4005-4FA0-97F6-B5F8796A1263}.cgTag - Release|x86.Build.0 = cgTag - Release|Any CPU
		{DDFD3AED-4005-4FA0-97F6-B5F8796A1263}.Debug|Any CPU.ActiveCfg = Debug|Any CPU
		{DDFD3AED-4005-4FA0-97F6-B5F8796A1263}.Debug|Any CPU.Build.0 = Debug|Any CPU
		{DDFD3AED-4005-4FA0-97F6-B5F8796A1263}.Debug|x86.ActiveCfg = Debug|Any CPU
		{DDFD3AED-4005-4FA0-97F6-B5F8796A1263}.Debug|x86.Build.0 = Debug|Any CPU
		{DDFD3AED-4005-4FA0-97F6-B5F8796A1263}.Release|Any CPU.ActiveCfg = Release|Any CPU
		{DDFD3AED-4005-4FA0-97F6-B5F8796A1263}.Release|Any CPU.Build.0 = Release|Any CPU
		{DDFD3AED-4005-4FA0-97F6-B5F8796A1263}.Release|x86.ActiveCfg = Release|Any CPU
		{DDFD3AED-4005-4FA0-97F6-B5F8796A1263}.Release|x86.Build.0 = Release|Any CPU
		{AF4D7704-8B44-4612-86C4-D467CCAEEED4}.cgTag - Debug|Any CPU.ActiveCfg = Debug|Any CPU
		{AF4D7704-8B44-4612-86C4-D467CCAEEED4}.cgTag - Debug|Any CPU.Build.0 = Debug|Any CPU
		{AF4D7704-8B44-4612-86C4-D467CCAEEED4}.cgTag - Debug|x86.ActiveCfg = Debug|Any CPU
		{AF4D7704-8B44-4612-86C4-D467CCAEEED4}.cgTag - Debug|x86.Build.0 = Debug|Any CPU
		{AF4D7704-8B44-4612-86C4-D467CCAEEED4}.cgTag - Release|Any CPU.ActiveCfg = Release|Any CPU
		{AF4D7704-8B44-4612-86C4-D467CCAEEED4}.cgTag - Release|Any CPU.Build.0 = Release|Any CPU
		{AF4D7704-8B44-4612-86C4-D467CCAEEED4}.cgTag - Release|x86.ActiveCfg = Release|Any CPU
		{AF4D7704-8B44-4612-86C4-D467CCAEEED4}.cgTag - Release|x86.Build.0 = Release|Any CPU
		{AF4D7704-8B44-4612-86C4-D467CCAEEED4}.Debug|Any CPU.ActiveCfg = Debug|Any CPU
		{AF4D7704-8B44-4612-86C4-D467CCAEEED4}.Debug|Any CPU.Build.0 = Debug|Any CPU
		{AF4D7704-8B44-4612-86C4-D467CCAEEED4}.Debug|x86.ActiveCfg = Debug|Any CPU
		{AF4D7704-8B44-4612-86C4-D467CCAEEED4}.Debug|x86.Build.0 = Debug|Any CPU
		{AF4D7704-8B44-4612-86C4-D467CCAEEED4}.Release|Any CPU.ActiveCfg = Release|Any CPU
		{AF4D7704-8B44-4612-86C4-D467CCAEEED4}.Release|Any CPU.Build.0 = Release|Any CPU
		{AF4D7704-8B44-4612-86C4-D467CCAEEED4}.Release|x86.ActiveCfg = Release|Any CPU
		{AF4D7704-8B44-4612-86C4-D467CCAEEED4}.Release|x86.Build.0 = Release|Any CPU
		{E4995A0F-8134-4327-BBCF-CDC4844244A5}.cgTag - Debug|Any CPU.ActiveCfg = Debug|Any CPU
		{E4995A0F-8134-4327-BBCF-CDC4844244A5}.cgTag - Debug|Any CPU.Build.0 = Debug|Any CPU
		{E4995A0F-8134-4327-BBCF-CDC4844244A5}.cgTag - Debug|x86.ActiveCfg = Debug|Any CPU
		{E4995A0F-8134-4327-BBCF-CDC4844244A5}.cgTag - Debug|x86.Build.0 = Debug|Any CPU
		{E4995A0F-8134-4327-BBCF-CDC4844244A5}.cgTag - Release|Any CPU.ActiveCfg = Release|Any CPU
		{E4995A0F-8134-4327-BBCF-CDC4844244A5}.cgTag - Release|Any CPU.Build.0 = Release|Any CPU
		{E4995A0F-8134-4327-BBCF-CDC4844244A5}.cgTag - Release|x86.ActiveCfg = Release|Any CPU
		{E4995A0F-8134-4327-BBCF-CDC4844244A5}.cgTag - Release|x86.Build.0 = Release|Any CPU
		{E4995A0F-8134-4327-BBCF-CDC4844244A5}.Debug|Any CPU.ActiveCfg = Debug|Any CPU
		{E4995A0F-8134-4327-BBCF-CDC4844244A5}.Debug|Any CPU.Build.0 = Debug|Any CPU
		{E4995A0F-8134-4327-BBCF-CDC4844244A5}.Debug|x86.ActiveCfg = Debug|Any CPU
		{E4995A0F-8134-4327-BBCF-CDC4844244A5}.Debug|x86.Build.0 = Debug|Any CPU
		{E4995A0F-8134-4327-BBCF-CDC4844244A5}.Release|Any CPU.ActiveCfg = Release|Any CPU
		{E4995A0F-8134-4327-BBCF-CDC4844244A5}.Release|Any CPU.Build.0 = Release|Any CPU
		{E4995A0F-8134-4327-BBCF-CDC4844244A5}.Release|x86.ActiveCfg = Release|Any CPU
		{E4995A0F-8134-4327-BBCF-CDC4844244A5}.Release|x86.Build.0 = Release|Any CPU
		{BF20B96C-4D52-44E1-B8D6-E6BC5E138AC6}.cgTag - Debug|Any CPU.ActiveCfg = Debug|Any CPU
		{BF20B96C-4D52-44E1-B8D6-E6BC5E138AC6}.cgTag - Debug|Any CPU.Build.0 = Debug|Any CPU
		{BF20B96C-4D52-44E1-B8D6-E6BC5E138AC6}.cgTag - Debug|x86.ActiveCfg = Debug|Any CPU
		{BF20B96C-4D52-44E1-B8D6-E6BC5E138AC6}.cgTag - Debug|x86.Build.0 = Debug|Any CPU
		{BF20B96C-4D52-44E1-B8D6-E6BC5E138AC6}.cgTag - Release|Any CPU.ActiveCfg = Release|Any CPU
		{BF20B96C-4D52-44E1-B8D6-E6BC5E138AC6}.cgTag - Release|Any CPU.Build.0 = Release|Any CPU
		{BF20B96C-4D52-44E1-B8D6-E6BC5E138AC6}.cgTag - Release|x86.ActiveCfg = Release|Any CPU
		{BF20B96C-4D52-44E1-B8D6-E6BC5E138AC6}.cgTag - Release|x86.Build.0 = Release|Any CPU
		{BF20B96C-4D52-44E1-B8D6-E6BC5E138AC6}.Debug|Any CPU.ActiveCfg = Debug|Any CPU
		{BF20B96C-4D52-44E1-B8D6-E6BC5E138AC6}.Debug|Any CPU.Build.0 = Debug|Any CPU
		{BF20B96C-4D52-44E1-B8D6-E6BC5E138AC6}.Debug|x86.ActiveCfg = Debug|Any CPU
		{BF20B96C-4D52-44E1-B8D6-E6BC5E138AC6}.Debug|x86.Build.0 = Debug|Any CPU
		{BF20B96C-4D52-44E1-B8D6-E6BC5E138AC6}.Release|Any CPU.ActiveCfg = Release|Any CPU
		{BF20B96C-4D52-44E1-B8D6-E6BC5E138AC6}.Release|Any CPU.Build.0 = Release|Any CPU
		{BF20B96C-4D52-44E1-B8D6-E6BC5E138AC6}.Release|x86.ActiveCfg = Release|Any CPU
		{BF20B96C-4D52-44E1-B8D6-E6BC5E138AC6}.Release|x86.Build.0 = Release|Any CPU
		{B4406438-330B-47A5-A8DE-6C49A27E9633}.cgTag - Debug|Any CPU.ActiveCfg = Debug|Any CPU
		{B4406438-330B-47A5-A8DE-6C49A27E9633}.cgTag - Debug|Any CPU.Build.0 = Debug|Any CPU
		{B4406438-330B-47A5-A8DE-6C49A27E9633}.cgTag - Debug|x86.ActiveCfg = Debug|Any CPU
		{B4406438-330B-47A5-A8DE-6C49A27E9633}.cgTag - Debug|x86.Build.0 = Debug|Any CPU
		{B4406438-330B-47A5-A8DE-6C49A27E9633}.cgTag - Release|Any CPU.ActiveCfg = Release|Any CPU
		{B4406438-330B-47A5-A8DE-6C49A27E9633}.cgTag - Release|Any CPU.Build.0 = Release|Any CPU
		{B4406438-330B-47A5-A8DE-6C49A27E9633}.cgTag - Release|x86.ActiveCfg = Release|Any CPU
		{B4406438-330B-47A5-A8DE-6C49A27E9633}.cgTag - Release|x86.Build.0 = Release|Any CPU
		{B4406438-330B-47A5-A8DE-6C49A27E9633}.Debug|Any CPU.ActiveCfg = Debug|Any CPU
		{B4406438-330B-47A5-A8DE-6C49A27E9633}.Debug|Any CPU.Build.0 = Debug|Any CPU
		{B4406438-330B-47A5-A8DE-6C49A27E9633}.Debug|x86.ActiveCfg = Debug|Any CPU
		{B4406438-330B-47A5-A8DE-6C49A27E9633}.Debug|x86.Build.0 = Debug|Any CPU
		{B4406438-330B-47A5-A8DE-6C49A27E9633}.Release|Any CPU.ActiveCfg = Release|Any CPU
		{B4406438-330B-47A5-A8DE-6C49A27E9633}.Release|Any CPU.Build.0 = Release|Any CPU
		{B4406438-330B-47A5-A8DE-6C49A27E9633}.Release|x86.ActiveCfg = Release|Any CPU
		{B4406438-330B-47A5-A8DE-6C49A27E9633}.Release|x86.Build.0 = Release|Any CPU
		{F460CB16-3CB1-4782-9393-BC078E24FFE1}.cgTag - Debug|Any CPU.ActiveCfg = Debug|Any CPU
		{F460CB16-3CB1-4782-9393-BC078E24FFE1}.cgTag - Debug|Any CPU.Build.0 = Debug|Any CPU
		{F460CB16-3CB1-4782-9393-BC078E24FFE1}.cgTag - Debug|x86.ActiveCfg = Debug|Any CPU
		{F460CB16-3CB1-4782-9393-BC078E24FFE1}.cgTag - Debug|x86.Build.0 = Debug|Any CPU
		{F460CB16-3CB1-4782-9393-BC078E24FFE1}.cgTag - Release|Any CPU.ActiveCfg = Release|Any CPU
		{F460CB16-3CB1-4782-9393-BC078E24FFE1}.cgTag - Release|Any CPU.Build.0 = Release|Any CPU
		{F460CB16-3CB1-4782-9393-BC078E24FFE1}.cgTag - Release|x86.ActiveCfg = Release|Any CPU
		{F460CB16-3CB1-4782-9393-BC078E24FFE1}.cgTag - Release|x86.Build.0 = Release|Any CPU
		{F460CB16-3CB1-4782-9393-BC078E24FFE1}.Debug|Any CPU.ActiveCfg = Debug|Any CPU
		{F460CB16-3CB1-4782-9393-BC078E24FFE1}.Debug|Any CPU.Build.0 = Debug|Any CPU
		{F460CB16-3CB1-4782-9393-BC078E24FFE1}.Debug|x86.ActiveCfg = Debug|Any CPU
		{F460CB16-3CB1-4782-9393-BC078E24FFE1}.Debug|x86.Build.0 = Debug|Any CPU
		{F460CB16-3CB1-4782-9393-BC078E24FFE1}.Release|Any CPU.ActiveCfg = Release|Any CPU
		{F460CB16-3CB1-4782-9393-BC078E24FFE1}.Release|Any CPU.Build.0 = Release|Any CPU
		{F460CB16-3CB1-4782-9393-BC078E24FFE1}.Release|x86.ActiveCfg = Release|Any CPU
		{F460CB16-3CB1-4782-9393-BC078E24FFE1}.Release|x86.Build.0 = Release|Any CPU
		{F25D7FF0-3D30-4577-B632-0DBE1EB1A18A}.cgTag - Debug|Any CPU.ActiveCfg = Debug|Any CPU
		{F25D7FF0-3D30-4577-B632-0DBE1EB1A18A}.cgTag - Debug|Any CPU.Build.0 = Debug|Any CPU
		{F25D7FF0-3D30-4577-B632-0DBE1EB1A18A}.cgTag - Debug|x86.ActiveCfg = Debug|Any CPU
		{F25D7FF0-3D30-4577-B632-0DBE1EB1A18A}.cgTag - Debug|x86.Build.0 = Debug|Any CPU
		{F25D7FF0-3D30-4577-B632-0DBE1EB1A18A}.cgTag - Release|Any CPU.ActiveCfg = Release|Any CPU
		{F25D7FF0-3D30-4577-B632-0DBE1EB1A18A}.cgTag - Release|Any CPU.Build.0 = Release|Any CPU
		{F25D7FF0-3D30-4577-B632-0DBE1EB1A18A}.cgTag - Release|x86.ActiveCfg = Release|Any CPU
		{F25D7FF0-3D30-4577-B632-0DBE1EB1A18A}.cgTag - Release|x86.Build.0 = Release|Any CPU
		{F25D7FF0-3D30-4577-B632-0DBE1EB1A18A}.Debug|Any CPU.ActiveCfg = Debug|Any CPU
		{F25D7FF0-3D30-4577-B632-0DBE1EB1A18A}.Debug|Any CPU.Build.0 = Debug|Any CPU
		{F25D7FF0-3D30-4577-B632-0DBE1EB1A18A}.Debug|x86.ActiveCfg = Debug|Any CPU
		{F25D7FF0-3D30-4577-B632-0DBE1EB1A18A}.Debug|x86.Build.0 = Debug|Any CPU
		{F25D7FF0-3D30-4577-B632-0DBE1EB1A18A}.Release|Any CPU.ActiveCfg = Release|Any CPU
		{F25D7FF0-3D30-4577-B632-0DBE1EB1A18A}.Release|Any CPU.Build.0 = Release|Any CPU
		{F25D7FF0-3D30-4577-B632-0DBE1EB1A18A}.Release|x86.ActiveCfg = Release|Any CPU
		{F25D7FF0-3D30-4577-B632-0DBE1EB1A18A}.Release|x86.Build.0 = Release|Any CPU
		{DF5BEAC6-B3F5-49A2-94CB-3B60FE4EE401}.cgTag - Debug|Any CPU.ActiveCfg = cgTag - Debug|Any CPU
		{DF5BEAC6-B3F5-49A2-94CB-3B60FE4EE401}.cgTag - Debug|Any CPU.Build.0 = cgTag - Debug|Any CPU
		{DF5BEAC6-B3F5-49A2-94CB-3B60FE4EE401}.cgTag - Debug|x86.ActiveCfg = cgTag - Debug|Any CPU
		{DF5BEAC6-B3F5-49A2-94CB-3B60FE4EE401}.cgTag - Debug|x86.Build.0 = cgTag - Debug|Any CPU
		{DF5BEAC6-B3F5-49A2-94CB-3B60FE4EE401}.cgTag - Release|Any CPU.ActiveCfg = cgTag - Release|Any CPU
		{DF5BEAC6-B3F5-49A2-94CB-3B60FE4EE401}.cgTag - Release|Any CPU.Build.0 = cgTag - Release|Any CPU
		{DF5BEAC6-B3F5-49A2-94CB-3B60FE4EE401}.cgTag - Release|x86.ActiveCfg = cgTag - Release|Any CPU
		{DF5BEAC6-B3F5-49A2-94CB-3B60FE4EE401}.cgTag - Release|x86.Build.0 = cgTag - Release|Any CPU
		{DF5BEAC6-B3F5-49A2-94CB-3B60FE4EE401}.Debug|Any CPU.ActiveCfg = Debug|Any CPU
		{DF5BEAC6-B3F5-49A2-94CB-3B60FE4EE401}.Debug|Any CPU.Build.0 = Debug|Any CPU
		{DF5BEAC6-B3F5-49A2-94CB-3B60FE4EE401}.Debug|x86.ActiveCfg = Debug|Any CPU
		{DF5BEAC6-B3F5-49A2-94CB-3B60FE4EE401}.Debug|x86.Build.0 = Debug|Any CPU
		{DF5BEAC6-B3F5-49A2-94CB-3B60FE4EE401}.Release|Any CPU.ActiveCfg = Release|Any CPU
		{DF5BEAC6-B3F5-49A2-94CB-3B60FE4EE401}.Release|Any CPU.Build.0 = Release|Any CPU
		{DF5BEAC6-B3F5-49A2-94CB-3B60FE4EE401}.Release|x86.ActiveCfg = Release|Any CPU
		{DF5BEAC6-B3F5-49A2-94CB-3B60FE4EE401}.Release|x86.Build.0 = Release|Any CPU
		{1DAF2881-1414-411B-8F71-D5F022A6C261}.cgTag - Debug|Any CPU.ActiveCfg = Debug|Any CPU
		{1DAF2881-1414-411B-8F71-D5F022A6C261}.cgTag - Debug|Any CPU.Build.0 = Debug|Any CPU
		{1DAF2881-1414-411B-8F71-D5F022A6C261}.cgTag - Debug|x86.ActiveCfg = Debug|Any CPU
		{1DAF2881-1414-411B-8F71-D5F022A6C261}.cgTag - Debug|x86.Build.0 = Debug|Any CPU
		{1DAF2881-1414-411B-8F71-D5F022A6C261}.cgTag - Release|Any CPU.ActiveCfg = Release|Any CPU
		{1DAF2881-1414-411B-8F71-D5F022A6C261}.cgTag - Release|Any CPU.Build.0 = Release|Any CPU
		{1DAF2881-1414-411B-8F71-D5F022A6C261}.cgTag - Release|x86.ActiveCfg = Release|Any CPU
		{1DAF2881-1414-411B-8F71-D5F022A6C261}.cgTag - Release|x86.Build.0 = Release|Any CPU
		{1DAF2881-1414-411B-8F71-D5F022A6C261}.Debug|Any CPU.ActiveCfg = Debug|Any CPU
		{1DAF2881-1414-411B-8F71-D5F022A6C261}.Debug|Any CPU.Build.0 = Debug|Any CPU
		{1DAF2881-1414-411B-8F71-D5F022A6C261}.Debug|x86.ActiveCfg = Debug|Any CPU
		{1DAF2881-1414-411B-8F71-D5F022A6C261}.Debug|x86.Build.0 = Debug|Any CPU
		{1DAF2881-1414-411B-8F71-D5F022A6C261}.Release|Any CPU.ActiveCfg = Release|Any CPU
		{1DAF2881-1414-411B-8F71-D5F022A6C261}.Release|Any CPU.Build.0 = Release|Any CPU
		{1DAF2881-1414-411B-8F71-D5F022A6C261}.Release|x86.ActiveCfg = Release|Any CPU
		{1DAF2881-1414-411B-8F71-D5F022A6C261}.Release|x86.Build.0 = Release|Any CPU
		{04240033-6FCC-49E1-8F38-4DBA1C1CB67D}.cgTag - Debug|Any CPU.ActiveCfg = cgTag - Debug|Any CPU
		{04240033-6FCC-49E1-8F38-4DBA1C1CB67D}.cgTag - Debug|Any CPU.Build.0 = cgTag - Debug|Any CPU
		{04240033-6FCC-49E1-8F38-4DBA1C1CB67D}.cgTag - Debug|x86.ActiveCfg = cgTag - Debug|x86
		{04240033-6FCC-49E1-8F38-4DBA1C1CB67D}.cgTag - Debug|x86.Build.0 = cgTag - Debug|x86
		{04240033-6FCC-49E1-8F38-4DBA1C1CB67D}.cgTag - Release|Any CPU.ActiveCfg = cgTag - Release|Any CPU
		{04240033-6FCC-49E1-8F38-4DBA1C1CB67D}.cgTag - Release|Any CPU.Build.0 = cgTag - Release|Any CPU
		{04240033-6FCC-49E1-8F38-4DBA1C1CB67D}.cgTag - Release|x86.ActiveCfg = cgTag - Release|x86
		{04240033-6FCC-49E1-8F38-4DBA1C1CB67D}.cgTag - Release|x86.Build.0 = cgTag - Release|x86
		{04240033-6FCC-49E1-8F38-4DBA1C1CB67D}.Debug|Any CPU.ActiveCfg = Debug|Any CPU
		{04240033-6FCC-49E1-8F38-4DBA1C1CB67D}.Debug|Any CPU.Build.0 = Debug|Any CPU
		{04240033-6FCC-49E1-8F38-4DBA1C1CB67D}.Debug|x86.ActiveCfg = Debug|x86
		{04240033-6FCC-49E1-8F38-4DBA1C1CB67D}.Debug|x86.Build.0 = Debug|x86
		{04240033-6FCC-49E1-8F38-4DBA1C1CB67D}.Release|Any CPU.ActiveCfg = Release|Any CPU
		{04240033-6FCC-49E1-8F38-4DBA1C1CB67D}.Release|Any CPU.Build.0 = Release|Any CPU
		{04240033-6FCC-49E1-8F38-4DBA1C1CB67D}.Release|x86.ActiveCfg = Release|x86
		{04240033-6FCC-49E1-8F38-4DBA1C1CB67D}.Release|x86.Build.0 = Release|x86
		{75122A49-D97E-481C-96D1-456A37A5FDA9}.cgTag - Debug|Any CPU.ActiveCfg = Release|x86
		{75122A49-D97E-481C-96D1-456A37A5FDA9}.cgTag - Debug|Any CPU.Build.0 = Release|x86
		{75122A49-D97E-481C-96D1-456A37A5FDA9}.cgTag - Debug|x86.ActiveCfg = Debug|x86
		{75122A49-D97E-481C-96D1-456A37A5FDA9}.cgTag - Debug|x86.Build.0 = Debug|x86
		{75122A49-D97E-481C-96D1-456A37A5FDA9}.cgTag - Release|Any CPU.ActiveCfg = Release|x86
		{75122A49-D97E-481C-96D1-456A37A5FDA9}.cgTag - Release|Any CPU.Build.0 = Release|x86
		{75122A49-D97E-481C-96D1-456A37A5FDA9}.cgTag - Release|x86.ActiveCfg = Release|x86
		{75122A49-D97E-481C-96D1-456A37A5FDA9}.cgTag - Release|x86.Build.0 = Release|x86
		{75122A49-D97E-481C-96D1-456A37A5FDA9}.Debug|Any CPU.ActiveCfg = Debug|x86
		{75122A49-D97E-481C-96D1-456A37A5FDA9}.Debug|x86.ActiveCfg = Debug|x86
		{75122A49-D97E-481C-96D1-456A37A5FDA9}.Debug|x86.Build.0 = Debug|x86
		{75122A49-D97E-481C-96D1-456A37A5FDA9}.Release|Any CPU.ActiveCfg = Release|x86
		{75122A49-D97E-481C-96D1-456A37A5FDA9}.Release|x86.ActiveCfg = Release|x86
		{75122A49-D97E-481C-96D1-456A37A5FDA9}.Release|x86.Build.0 = Release|x86
		{9E62DFDE-2B91-4BB7-A404-D32824F23D10}.cgTag - Debug|Any CPU.ActiveCfg = Debug|Any CPU
		{9E62DFDE-2B91-4BB7-A404-D32824F23D10}.cgTag - Debug|Any CPU.Build.0 = Debug|Any CPU
		{9E62DFDE-2B91-4BB7-A404-D32824F23D10}.cgTag - Debug|x86.ActiveCfg = Debug|Any CPU
		{9E62DFDE-2B91-4BB7-A404-D32824F23D10}.cgTag - Debug|x86.Build.0 = Debug|Any CPU
		{9E62DFDE-2B91-4BB7-A404-D32824F23D10}.cgTag - Release|Any CPU.ActiveCfg = Release|Any CPU
		{9E62DFDE-2B91-4BB7-A404-D32824F23D10}.cgTag - Release|Any CPU.Build.0 = Release|Any CPU
		{9E62DFDE-2B91-4BB7-A404-D32824F23D10}.cgTag - Release|x86.ActiveCfg = Release|Any CPU
		{9E62DFDE-2B91-4BB7-A404-D32824F23D10}.cgTag - Release|x86.Build.0 = Release|Any CPU
		{9E62DFDE-2B91-4BB7-A404-D32824F23D10}.Debug|Any CPU.ActiveCfg = Debug|Any CPU
		{9E62DFDE-2B91-4BB7-A404-D32824F23D10}.Debug|Any CPU.Build.0 = Debug|Any CPU
		{9E62DFDE-2B91-4BB7-A404-D32824F23D10}.Debug|x86.ActiveCfg = Debug|Any CPU
		{9E62DFDE-2B91-4BB7-A404-D32824F23D10}.Debug|x86.Build.0 = Debug|Any CPU
		{9E62DFDE-2B91-4BB7-A404-D32824F23D10}.Release|Any CPU.ActiveCfg = Release|Any CPU
		{9E62DFDE-2B91-4BB7-A404-D32824F23D10}.Release|Any CPU.Build.0 = Release|Any CPU
		{9E62DFDE-2B91-4BB7-A404-D32824F23D10}.Release|x86.ActiveCfg = Release|Any CPU
		{9E62DFDE-2B91-4BB7-A404-D32824F23D10}.Release|x86.Build.0 = Release|Any CPU
		{485AD226-3719-4F12-B3DF-C605D3B2270F}.cgTag - Debug|Any CPU.ActiveCfg = Debug|Any CPU
		{485AD226-3719-4F12-B3DF-C605D3B2270F}.cgTag - Debug|Any CPU.Build.0 = Debug|Any CPU
		{485AD226-3719-4F12-B3DF-C605D3B2270F}.cgTag - Debug|x86.ActiveCfg = Debug|Any CPU
		{485AD226-3719-4F12-B3DF-C605D3B2270F}.cgTag - Debug|x86.Build.0 = Debug|Any CPU
		{485AD226-3719-4F12-B3DF-C605D3B2270F}.cgTag - Release|Any CPU.ActiveCfg = Release|Any CPU
		{485AD226-3719-4F12-B3DF-C605D3B2270F}.cgTag - Release|Any CPU.Build.0 = Release|Any CPU
		{485AD226-3719-4F12-B3DF-C605D3B2270F}.cgTag - Release|x86.ActiveCfg = Release|Any CPU
		{485AD226-3719-4F12-B3DF-C605D3B2270F}.cgTag - Release|x86.Build.0 = Release|Any CPU
		{485AD226-3719-4F12-B3DF-C605D3B2270F}.Debug|Any CPU.ActiveCfg = Debug|Any CPU
		{485AD226-3719-4F12-B3DF-C605D3B2270F}.Debug|Any CPU.Build.0 = Debug|Any CPU
		{485AD226-3719-4F12-B3DF-C605D3B2270F}.Debug|x86.ActiveCfg = Debug|Any CPU
		{485AD226-3719-4F12-B3DF-C605D3B2270F}.Debug|x86.Build.0 = Debug|Any CPU
		{485AD226-3719-4F12-B3DF-C605D3B2270F}.Release|Any CPU.ActiveCfg = Release|Any CPU
		{485AD226-3719-4F12-B3DF-C605D3B2270F}.Release|Any CPU.Build.0 = Release|Any CPU
		{485AD226-3719-4F12-B3DF-C605D3B2270F}.Release|x86.ActiveCfg = Release|Any CPU
		{485AD226-3719-4F12-B3DF-C605D3B2270F}.Release|x86.Build.0 = Release|Any CPU
		{058F123E-D366-4023-94EF-E4AF8EC5D101}.cgTag - Debug|Any CPU.ActiveCfg = cgTag - Debug|Any CPU
		{058F123E-D366-4023-94EF-E4AF8EC5D101}.cgTag - Debug|Any CPU.Build.0 = cgTag - Debug|Any CPU
		{058F123E-D366-4023-94EF-E4AF8EC5D101}.cgTag - Debug|x86.ActiveCfg = cgTag - Debug|Any CPU
		{058F123E-D366-4023-94EF-E4AF8EC5D101}.cgTag - Debug|x86.Build.0 = cgTag - Debug|Any CPU
		{058F123E-D366-4023-94EF-E4AF8EC5D101}.cgTag - Release|Any CPU.ActiveCfg = cgTag - Release|Any CPU
		{058F123E-D366-4023-94EF-E4AF8EC5D101}.cgTag - Release|Any CPU.Build.0 = cgTag - Release|Any CPU
		{058F123E-D366-4023-94EF-E4AF8EC5D101}.cgTag - Release|x86.ActiveCfg = cgTag - Release|Any CPU
		{058F123E-D366-4023-94EF-E4AF8EC5D101}.cgTag - Release|x86.Build.0 = cgTag - Release|Any CPU
		{058F123E-D366-4023-94EF-E4AF8EC5D101}.Debug|Any CPU.ActiveCfg = Debug|Any CPU
		{058F123E-D366-4023-94EF-E4AF8EC5D101}.Debug|Any CPU.Build.0 = Debug|Any CPU
		{058F123E-D366-4023-94EF-E4AF8EC5D101}.Debug|x86.ActiveCfg = Debug|Any CPU
		{058F123E-D366-4023-94EF-E4AF8EC5D101}.Debug|x86.Build.0 = Debug|Any CPU
		{058F123E-D366-4023-94EF-E4AF8EC5D101}.Release|Any CPU.ActiveCfg = Release|Any CPU
		{058F123E-D366-4023-94EF-E4AF8EC5D101}.Release|Any CPU.Build.0 = Release|Any CPU
		{058F123E-D366-4023-94EF-E4AF8EC5D101}.Release|x86.ActiveCfg = Release|Any CPU
		{058F123E-D366-4023-94EF-E4AF8EC5D101}.Release|x86.Build.0 = Release|Any CPU
	EndGlobalSection
	GlobalSection(SolutionProperties) = preSolution
		HideSolutionNode = FALSE
	EndGlobalSection
EndGlobal
